# Generated by buf. DO NOT EDIT.
version: v1
deps:
  - remote: buf.build
    owner: googleapis
    repository: googleapis
    branch: main
    commit: f503ec6637504fc3be424ad20a5a4225
    digest: b1-H6-yP4btx2JVxeprkUCgnTk-2k1oFPPM1nVOF2VvOZE=
    create_time: 2022-02-10T15:11:03.060619Z
  - remote: buf.build
    owner: grpc-ecosystem
    repository: grpc-gateway
    branch: main
    commit: ff83506eb9cc4cf8972f49ce87e6ed3e
    digest: b1-iLPHgLaoeWWinMiXXqPnxqE4BThtY3eSbswVGh9GOGI=
    create_time: 2021-10-23T16:26:52.283938Z
